{
    "_meta": {
        "hash": {
            "sha256": "fca25a1d10e27bcb250de18a8f38d43f631ded4de86a68050f298c22ac4579f5"
        },
        "pipfile-spec": 6,
        "requires": {},
        "sources": [
            {
                "name": "pypi",
                "url": "https://pypi.python.org/simple",
                "verify_ssl": true
            }
        ]
    },
    "default": {
        "crcmod": {
            "hashes": [
                "sha256:50586ab48981f11e5b117523d97bb70864a2a1af246cf6e4f5c4a21ef4611cd1",
                "sha256:69a2e5c6c36d0f096a7beb4cd34e5f882ec5fd232efb710cdb85d4ff196bd52e",
                "sha256:737fb308fa2ce9aed2e29075f0d5980d4a89bfbec48a368c607c5c63b3efb90e",
                "sha256:dc7051a0db5f2bd48665a990d3ec1cc305a466a77358ca4492826f41f283601e"
            ],
            "index": "pypi",
            "version": "==1.7"
        },
        "future": {
            "hashes": [
                "sha256:67045236dcfd6816dc439556d009594abf643e5eb48992e36beac09c2ca659b8"
            ],
            "index": "pypi",
            "version": "==0.17.1"
        },
        "protobuf": {
            "hashes": [
                "sha256:0c678e11b7b6d6e5baa9710f44de01d48bc81b7db617ad5283a76f1f4c73df99",
                "sha256:1fe832e1a5c51c71c2d6e949e597f3c47ef39c817264086293e4037941ab9bd7",
                "sha256:21911af1fc692e7ca6a73c0fab3912a5d792ed7603350dbabd34a9722cbfe4d5",
                "sha256:31460706eb7c3bcc3c153877e580b78efa624b9626bd084fb882f20681ffa81a",
                "sha256:3bbaed8e63cd62533a80adfa51f91b34bf7da29ac0335412dbebd21dac2d68b9",
                "sha256:405fbe27eeccd90b07e7cc20f2bcce477a86027435016aef71f15473dede92b5",
                "sha256:492beef9386706f84f683489fe18d1a7d8be5f4ab050782b3a484de1d1b01a69",
                "sha256:6f52c66f361de32096ba88c73ad0ff53585dafc569d8bf11968412175ddf297c",
                "sha256:7141c37a5af565908c3da10575c517c59a8e67591c507cf36f2655590200ddfc",
                "sha256:822341974a28d895f0b39df13b3e2f27577498c1d85b5e876ff1d53fbdf2ef97",
                "sha256:8a8157ff82760105cf435dbb8f4e7042a39c6d92f673fba8c2c815432b3f1063",
                "sha256:970b9f648fc12d28ce6f1f10575bbf063e828e1fd8d95339602cad2312a4fefa",
                "sha256:a3e18453d91040dad1985d1ea8a237fb7522a84fcefc17b452f756833b066d71",
                "sha256:a98195be29b2622961896893a6e92a4e0812e4e367078ac20f0c7982e51ff7ea",
                "sha256:ad8e808b572e6ee38131e7b58d94aa5c438e3a3469d055e8989ea73a8e2308c0",
                "sha256:af760e4fe6f30e1af3d5dac6767444ff61ef621ac857b3405b8f3cd29f16ac55",
                "sha256:d7761bd18fc3d197e50459c37abb95b64cd614e7b9014239a1e7c952433e380b",
                "sha256:f3348af83391cdb842030e774d9bb01565ed4c62c93554cd1c69723411ec5e9d",
                "sha256:f9aa4c216e48236c6af4e71f64afc0c13c12401d3067a323b9fe543bb676bac3",
                "sha256:ffc556af23c7e1278b43719999dd215619f73f8d42f40275c55a1de09938214f"
            ],
            "index": "pypi",
            "version": "==3.15.3"
        },
        "psutil": {
            "hashes": [
                "sha256:1413f4158eb50e110777c4f15d7c759521703bd6beb58926f1d562da40180058",
                "sha256:298af2f14b635c3c7118fd9183843f4e73e681bb6f01e12284d4d70d48a60953",
                "sha256:60b86f327c198561f101a92be1995f9ae0399736b6eced8f24af41ec64fb88d4",
                "sha256:685ec16ca14d079455892f25bd124df26ff9137664af445563c1bd36629b5e0e",
                "sha256:73f35ab66c6c7a9ce82ba44b1e9b1050be2a80cd4dcc3352cc108656b115c74f",
                "sha256:75e22717d4dbc7ca529ec5063000b2b294fc9a367f9c9ede1f65846c7955fd38",
                "sha256:a02f4ac50d4a23253b68233b07e7cdb567bd025b982d5cf0ee78296990c22d9e",
                "sha256:d008ddc00c6906ec80040d26dc2d3e3962109e40ad07fd8a12d0284ce5e0e4f8",
                "sha256:d84029b190c8a66a946e28b4d3934d2ca1528ec94764b180f7d6ea57b0e75e26",
                "sha256:e2d0c5b07c6fe5a87fa27b7855017edb0d52ee73b71e6ee368fae268605cc3f5",
                "sha256:f344ca230dd8e8d5eee16827596f1c22ec0876127c28e800d7ae20ed44c4b310"
            ],
            "index": "pypi",
            "version": "==5.7.0"
        },
        "six": {
            "hashes": [
                "sha256:3350809f0555b11f552448330d0b52d5f24c91a322ea4a15ef22629740f3761c",
                "sha256:d16a0141ec1a18405cd4ce8b4613101da75da0e9a7aec5bdd4fa804d0e0eba73"
            ],
            "index": "pypi",
            "version": "==1.12.0"
        }
    },
    "develop": {
        "astroid": {
            "hashes": [
                "sha256:4db03ab5fc3340cf619dbc25e42c2cc3755154ce6009469766d7143d1fc2ee4e",
                "sha256:8a398dfce302c13f14bab13e2b14fe385d32b73f4e4853b9bdfb64598baa1975"
            ],
            "markers": "python_version ~= '3.6'",
            "version": "==2.5.6"
        },
        "bcrypt": {
            "hashes": [
                "sha256:5b93c1726e50a93a033c36e5ca7fdcd29a5c7395af50a6892f5d9e7c6cfbfb29",
                "sha256:63d4e3ff96188e5898779b6057878fecf3f11cfe6ec3b313ea09955d587ec7a7",
                "sha256:81fec756feff5b6818ea7ab031205e1d323d8943d237303baca2c5f9c7846f34",
                "sha256:a67fb841b35c28a59cebed05fbd3e80eea26e6d75851f0574a9273c80f3e9b55",
                "sha256:c95d4cbebffafcdd28bd28bb4e25b31c50f6da605c81ffd9ad8a3d1b2ab7b1b6",
                "sha256:cd1ea2ff3038509ea95f687256c46b79f5fc382ad0aa3664d200047546d511d1",
                "sha256:cdcdcb3972027f83fe24a48b1e90ea4b584d35f1cc279d76de6fc4b13376239d"
            ],
            "markers": "python_version >= '3.6'",
            "version": "==3.2.0"
        },
        "beautifulsoup4": {
            "hashes": [
                "sha256:4c98143716ef1cb40bf7f39a8e3eec8f8b009509e74904ba3a7b315431577e35",
                "sha256:84729e322ad1d5b4d25f805bfa05b902dd96450f43842c4e99067d5e1369eb25",
                "sha256:fff47e031e34ec82bf17e00da8f592fe7de69aeea38be00523c04623c04fb666"
            ],
            "version": "==4.9.3"
        },
        "bleach": {
            "hashes": [
                "sha256:6123ddc1052673e52bab52cdc955bcb57a015264a1c57d37bea2f6b817af0125",
                "sha256:98b3170739e5e83dd9dc19633f074727ad848cbedb6026708c8ac2d3b697a433"
            ],
            "markers": "python_version >= '2.7' and python_version not in '3.0, 3.1, 3.2, 3.3, 3.4'",
            "version": "==3.3.0"
        },
        "certifi": {
            "hashes": [
                "sha256:1a4995114262bffbc2413b159f2a1a480c969de6e6eb13ee966d470af86af59c",
                "sha256:719a74fb9e33b9bd44cc7f3a8d94bc35e4049deebe19ba7d8e108280cfd59830"
            ],
            "version": "==2020.12.5"
        },
        "cffi": {
            "hashes": [
                "sha256:005a36f41773e148deac64b08f233873a4d0c18b053d37da83f6af4d9087b813",
                "sha256:04c468b622ed31d408fea2346bec5bbffba2cc44226302a0de1ade9f5ea3d373",
                "sha256:06d7cd1abac2ffd92e65c0609661866709b4b2d82dd15f611e602b9b188b0b69",
                "sha256:06db6321b7a68b2bd6df96d08a5adadc1fa0e8f419226e25b2a5fbf6ccc7350f",
                "sha256:0857f0ae312d855239a55c81ef453ee8fd24136eaba8e87a2eceba644c0d4c06",
                "sha256:0f861a89e0043afec2a51fd177a567005847973be86f709bbb044d7f42fc4e05",
                "sha256:1071534bbbf8cbb31b498d5d9db0f274f2f7a865adca4ae429e147ba40f73dea",
                "sha256:158d0d15119b4b7ff6b926536763dc0714313aa59e320ddf787502c70c4d4bee",
                "sha256:1bf1ac1984eaa7675ca8d5745a8cb87ef7abecb5592178406e55858d411eadc0",
                "sha256:1f436816fc868b098b0d63b8920de7d208c90a67212546d02f84fe78a9c26396",
                "sha256:24a570cd11895b60829e941f2613a4f79df1a27344cbbb82164ef2e0116f09c7",
                "sha256:24ec4ff2c5c0c8f9c6b87d5bb53555bf267e1e6f70e52e5a9740d32861d36b6f",
                "sha256:2894f2df484ff56d717bead0a5c2abb6b9d2bf26d6960c4604d5c48bbc30ee73",
                "sha256:29314480e958fd8aab22e4a58b355b629c59bf5f2ac2492b61e3dc06d8c7a315",
                "sha256:293e7ea41280cb28c6fcaaa0b1aa1f533b8ce060b9e701d78511e1e6c4a1de76",
                "sha256:34eff4b97f3d982fb93e2831e6750127d1355a923ebaeeb565407b3d2f8d41a1",
                "sha256:35f27e6eb43380fa080dccf676dece30bef72e4a67617ffda586641cd4508d49",
                "sha256:3c3f39fa737542161d8b0d680df2ec249334cd70a8f420f71c9304bd83c3cbed",
                "sha256:3d3dd4c9e559eb172ecf00a2a7517e97d1e96de2a5e610bd9b68cea3925b4892",
                "sha256:43e0b9d9e2c9e5d152946b9c5fe062c151614b262fda2e7b201204de0b99e482",
                "sha256:48e1c69bbacfc3d932221851b39d49e81567a4d4aac3b21258d9c24578280058",
                "sha256:51182f8927c5af975fece87b1b369f722c570fe169f9880764b1ee3bca8347b5",
                "sha256:58e3f59d583d413809d60779492342801d6e82fefb89c86a38e040c16883be53",
                "sha256:5de7970188bb46b7bf9858eb6890aad302577a5f6f75091fd7cdd3ef13ef3045",
                "sha256:65fa59693c62cf06e45ddbb822165394a288edce9e276647f0046e1ec26920f3",
                "sha256:681d07b0d1e3c462dd15585ef5e33cb021321588bebd910124ef4f4fb71aef55",
                "sha256:69e395c24fc60aad6bb4fa7e583698ea6cc684648e1ffb7fe85e3c1ca131a7d5",
                "sha256:6c97d7350133666fbb5cf4abdc1178c812cb205dc6f41d174a7b0f18fb93337e",
                "sha256:6e4714cc64f474e4d6e37cfff31a814b509a35cb17de4fb1999907575684479c",
                "sha256:72d8d3ef52c208ee1c7b2e341f7d71c6fd3157138abf1a95166e6165dd5d4369",
                "sha256:8ae6299f6c68de06f136f1f9e69458eae58f1dacf10af5c17353eae03aa0d827",
                "sha256:8b198cec6c72df5289c05b05b8b0969819783f9418e0409865dac47288d2a053",
                "sha256:99cd03ae7988a93dd00bcd9d0b75e1f6c426063d6f03d2f90b89e29b25b82dfa",
                "sha256:9cf8022fb8d07a97c178b02327b284521c7708d7c71a9c9c355c178ac4bbd3d4",
                "sha256:9de2e279153a443c656f2defd67769e6d1e4163952b3c622dcea5b08a6405322",
                "sha256:9e93e79c2551ff263400e1e4be085a1210e12073a31c2011dbbda14bda0c6132",
                "sha256:9ff227395193126d82e60319a673a037d5de84633f11279e336f9c0f189ecc62",
                "sha256:a465da611f6fa124963b91bf432d960a555563efe4ed1cc403ba5077b15370aa",
                "sha256:ad17025d226ee5beec591b52800c11680fca3df50b8b29fe51d882576e039ee0",
                "sha256:afb29c1ba2e5a3736f1c301d9d0abe3ec8b86957d04ddfa9d7a6a42b9367e396",
                "sha256:b85eb46a81787c50650f2392b9b4ef23e1f126313b9e0e9013b35c15e4288e2e",
                "sha256:bb89f306e5da99f4d922728ddcd6f7fcebb3241fc40edebcb7284d7514741991",
                "sha256:cbde590d4faaa07c72bf979734738f328d239913ba3e043b1e98fe9a39f8b2b6",
                "sha256:cc5a8e069b9ebfa22e26d0e6b97d6f9781302fe7f4f2b8776c3e1daea35f1adc",
                "sha256:cd2868886d547469123fadc46eac7ea5253ea7fcb139f12e1dfc2bbd406427d1",
                "sha256:d42b11d692e11b6634f7613ad8df5d6d5f8875f5d48939520d351007b3c13406",
                "sha256:df5052c5d867c1ea0b311fb7c3cd28b19df469c056f7fdcfe88c7473aa63e333",
                "sha256:f2d45f97ab6bb54753eab54fffe75aaf3de4ff2341c9daee1987ee1837636f1d",
                "sha256:fd78e5fee591709f32ef6edb9a015b4aa1a5022598e36227500c8f4e02328d9c"
            ],
            "version": "==1.14.5"
        },
        "chardet": {
            "hashes": [
                "sha256:0d6f53a15db4120f2b08c94f11e7d93d2c911ee118b6b30a04ec3ee8310179fa",
                "sha256:f864054d66fd9118f2e67044ac8981a54775ec5b67aed0441892edb553d21da5"
            ],
            "markers": "python_version >= '2.7' and python_version not in '3.0, 3.1, 3.2, 3.3, 3.4'",
            "version": "==4.0.0"
        },
        "colorama": {
            "hashes": [
                "sha256:5941b2b48a20143d2267e95b1c2a7603ce057ee39fd88e7329b0c292aa16869b",
                "sha256:9f47eda37229f68eee03b24b9748937c7dc3868f906e8ba69fbcbdd3bc5dc3e2"
            ],
            "markers": "python_version >= '2.7' and python_version not in '3.0, 3.1, 3.2, 3.3, 3.4'",
            "version": "==0.4.4"
        },
        "cryptography": {
            "hashes": [
                "sha256:0f1212a66329c80d68aeeb39b8a16d54ef57071bf22ff4e521657b27372e327d",
                "sha256:1e056c28420c072c5e3cb36e2b23ee55e260cb04eee08f702e0edfec3fb51959",
                "sha256:240f5c21aef0b73f40bb9f78d2caff73186700bf1bc6b94285699aff98cc16c6",
                "sha256:26965837447f9c82f1855e0bc8bc4fb910240b6e0d16a664bb722df3b5b06873",
                "sha256:37340614f8a5d2fb9aeea67fd159bfe4f5f4ed535b1090ce8ec428b2f15a11f2",
                "sha256:3d10de8116d25649631977cb37da6cbdd2d6fa0e0281d014a5b7d337255ca713",
                "sha256:3d8427734c781ea5f1b41d6589c293089704d4759e34597dce91014ac125aad1",
                "sha256:7ec5d3b029f5fa2b179325908b9cd93db28ab7b85bb6c1db56b10e0b54235177",
                "sha256:8e56e16617872b0957d1c9742a3f94b43533447fd78321514abbe7db216aa250",
                "sha256:de4e5f7f68220d92b7637fc99847475b59154b7a1b3868fb7385337af54ac9ca",
                "sha256:eb8cc2afe8b05acbd84a43905832ec78e7b3873fb124ca190f574dca7389a87d",
                "sha256:ee77aa129f481be46f8d92a1a7db57269a2f23052d5f2433b4621bb457081cc9"
            ],
            "markers": "python_version >= '3.6'",
            "version": "==3.4.7"
        },
        "docutils": {
            "hashes": [
                "sha256:686577d2e4c32380bb50cbb22f575ed742d58168cee37e99117a854bcd88f125",
                "sha256:cf316c8370a737a022b72b56874f6602acf974a37a9fba42ec2876387549fc61"
            ],
            "markers": "python_version >= '2.7' and python_version not in '3.0, 3.1, 3.2, 3.3, 3.4'",
            "version": "==0.17.1"
        },
        "fabric": {
            "hashes": [
                "sha256:2bb6c6922cbdfe35884c937bfcff63c70750c18456b0707898112c5ceaab38c6",
                "sha256:66097883bb3e5beecacae92b82b2bd489d10a8fd4f06ce1cb27019de2e6d76a8"
            ],
            "index": "pypi",
            "version": "==1.14.1"
        },
        "grpcio": {
            "hashes": [
                "sha256:0247b045feb7b138754c91efcca9ea7f7d2cc9f0bd2cc73f6588c523f38873c3",
                "sha256:07abf6b36c138bf247cef7ac0bad9f8ab1c8242f7c1302af23bb8e6877d08163",
                "sha256:0ab78d4c16d7f3924718711689f5e301aec52cfcf38eb4143bed0f74b7c4fd10",
                "sha256:10a6c62e0cddd456db91f9f04b53a8cccf67d86d7ca814d989423939099c2723",
                "sha256:1c11041ecb69d962d49e8a38a35736cdc6fc74230867b5f0ac6138770387a950",
                "sha256:1d157a2ac6632d31a3ff21f56bbe73420e1d7a21e4fe89d8c7ac792b79c1a589",
                "sha256:1d212af1008bdbfd4b8a287e17a8e63e14d72ac450475307452f20c1bbb6bae4",
                "sha256:1e88a8d5d961df958362f61b1b79ad3981a8b051f99224717b09308546298902",
                "sha256:25028420d004fe33d64015f5d4d97207c53530acdb493310e217fac76dcd2513",
                "sha256:2736b109ec5bd9fcf580bf871b5fd4f136c6ae9728407f344a3c64ad87bb6519",
                "sha256:277faad1d8d462bd1b986f43a47a2c2fe795b2e0de72c9318e11826d921e665a",
                "sha256:291dcde4139bc25629de6a743cfcc0ca861e289e3547421ecd2273b51d95b8e1",
                "sha256:2c26cb7566e8942542ff1aee71f10ed35e2f9ee95c2f27179b198af0727fbebb",
                "sha256:32067791bd56a13614399f1994454afea9e2475019fcabc4abd3112f09892005",
                "sha256:34fb08d46a70750bef6566c9556a16b98e08af6345a3bad6574477eb0b08c3dd",
                "sha256:3cacfee78310b5a89769b2fac20b8cd723470130f5b1ba0c960da8db39e74a97",
                "sha256:4a1dd16ccf76ddc18c1cde900049c04ed996e6c02e0588d88d06396c398e6023",
                "sha256:604da72df5bece8844a15990ce0b3f2f8c5243a1333d3dcc02371048bf6f9269",
                "sha256:6461d69a8ae20e7abce4c6d9cc2603e9f16f4d6b64865eddd0e664127349c04d",
                "sha256:6824567e2372dde1bd70214427d23b709d09f1a02a552133d1e0f504b616c84e",
                "sha256:7466eef3b57b5ac8c7585251b26b917b093ab015750bf98aab4e0836c39e2a2b",
                "sha256:752593a275e26ef250dc4d93a6f7917dd9986396b41eabcc114b0e0315ec1bf6",
                "sha256:7b74c48b2e41dd506f889a4a9974d40b3eead965b0fd2e0b1d55a9b3c0e3bc6e",
                "sha256:897bcd54890e6ec6359063affb35e19a61a58ba37bc61c9e8ac6b464b854233e",
                "sha256:8c4f39ad529fb4a33cd6e58d1d860c3b583902208547614b4b5b75fc306f13f6",
                "sha256:924552099365ea1dd32237dc161849452cd567d931efc57e8427260d8f0eacdb",
                "sha256:9a2216df1be9fdbc3c1ebd3c5184d1ef4afb387c29224fce00346b9ddec7c7e3",
                "sha256:9f1747b81d44daed0649ff10395b58c4f29b03139a628afeb058f3e942ba6893",
                "sha256:a0d7c88b4cf9748147cd6c16e14569a124b683a3eb5d7787f43eb9d48cf86755",
                "sha256:a4789014f9d9e9ff29551314a004266b1ac90225c8a009dc87947aaf823fd83c",
                "sha256:a836f21a1d08d28c8344e149b28729649ff4732c318a59a3628451bbd6c3c9ac",
                "sha256:a8f9fcf5623282e4804595166a4ee1401cf4ccfc16fe84bb69e1eb23ffd836ac",
                "sha256:abbf9c8c3df4d5233d5888c6cfa85c1bb68a6923749bd4dd1abc6e1e93986f17",
                "sha256:ac05434a7a7f444b2ddd109d72f87f4704364be159aea42a04bd6ea2ba6e10e4",
                "sha256:b4cd8fb4e3725e8852b1da734904edb3579c76660ae26a72283ac580779e5bf0",
                "sha256:b86a1b0654804b5f2248d9262c77a9d5f19882481fc21df53eb2823d0875b86d",
                "sha256:be83ca2d24321c8bf6516b9cd1064da15ac3ff3978c6c502643be114e2a54af2",
                "sha256:c47e85eae34af5d17d1c2007a1f0b13a0293d4b7a6d8c8ae23761d718293803e",
                "sha256:cbd2754da81bf5f18454c7808b4afe5b57c6736955a742fb599b32b6353fe99f",
                "sha256:cd220606259f8aa2403bc0f4a4483bae5e36be879364ca3e256f0304ac44f575",
                "sha256:d3566acd87a65a0bc93875125a7064293ab2b6ffb9327333030939681d269f4f",
                "sha256:d631304e66c908d5d2d1a3cc9c02d372d2f8bed8c3632902d6f3f77d7ca34ac2",
                "sha256:db01eaea57e7a1898c69271e35a84341cf8150cfdec5f0411eddcfb65b5f590e",
                "sha256:e3072b9ebb573fe1f6757a55b610e4975979d2d58247cbe18ff4385f5aaa81a5",
                "sha256:e72dd202c982a5922c3b846976cae3b699e3fa8d2355d9d5bad119d066cf23ee",
                "sha256:e83ab148911e6c8ae4ec5e1334e6d800c6b84c432b92eb0ebf0808087117cb39",
                "sha256:f19bd4b5bcf88ee059f478c4ab46a1607f09835587750294038fbd0120f1a9dc",
                "sha256:f2c4ff0e8c98418c5d55c28ba4ff954e3a5d3c723af5008e8d3ddeae8f0ecb41",
                "sha256:f6f6d51c9efbfe56af9eb9eeb4881cad1b869e4c0e2a32c1d345897fd0979ee3",
                "sha256:f8dd51b05e7fde843d7a3140b058f02801fbec5784a036d5f6abb374450d4608",
                "sha256:f9b3678920017842a1b576de3524ecf8f6a2bf4b39f86fb25b870693141e0584"
            ],
            "version": "==1.38.0"
        },
        "grpcio-tools": {
            "hashes": [
                "sha256:041ee3c4c4ec048029db07981c8255bcf26ab3b8436e372e8f7c8b1258d8b44a",
                "sha256:08b824a18d79dca6613ed53c7792ffd87899ea26639b5ce7eb83fc9295a6c7dd",
                "sha256:08f0a888e9d5a2f0a1fa35b052d240a391e832a07be025dced713f92070407bf",
                "sha256:0c5b459cf65be3a11a2222a5a200962fb50475585d31921bd1679c579590e188",
                "sha256:0eb8408aad583dce6e2d35b078b03d0720227c3d35322f4326936c820d4c0587",
                "sha256:0efe2ded3ce6301aff1cfb1103f75206f2dffd518f63879fe24a9833cd35ce38",
                "sha256:17e0c6543b573d66f2b35b7b4b80f201edce6ea8defc2bcdcc8a061609b51456",
                "sha256:18d7d198a6a43ce2907724c224ed66a1e6660975d4ce8eb5cb0d155cdc5eb78e",
                "sha256:1be89cc16be3984b43e40ea456e9e5428561987e99da2d79c1fc2629e87b6438",
                "sha256:2cad9aef5edf0b40e16403627ea9ce186facfc4e26936ee467593116d7db15a2",
                "sha256:405a70b315970523c35bb487b1533a22ff4a126c649f074b4df49cb1e304561d",
                "sha256:410495b05ebc822895078f7aad593009f0f65dec5133eadb18cf3d8d2c226ade",
                "sha256:4bbfb71f37c72d0b1abac210ba5dc5780a34c065e67f2f7a2f1dc84e800b0ca3",
                "sha256:54ed34d2a45a62b9709615cea4df306128d7f42d95394b9728cc4bb3487a23bd",
                "sha256:556ffa61c4f705e5fd230b629f5bdd3c4d6ae654299baea037d68b341e8d6525",
                "sha256:56754f7b1a570ef0f49181ce5d0403817dd7d375bbd208f2743a25e9eef361fd",
                "sha256:57798ceae33bcc215aacc2174dfc548904ac7727cb2193d7547aeb1d1149d35c",
                "sha256:58058dddb7d362249bbc3ac6d5c62837b050471c5b524e2b39a839607f4e1f21",
                "sha256:5a159a359588bb8130871b4bb8d7b89457babc82fc196a0e794c0d630358da7a",
                "sha256:61fd0659fe3a67154906364e8e78837bbda23c3a9d18c11f9bb1e17c0efdf6df",
                "sha256:76f3301f45d7913480a166d472969f8328f37f12f59eb9c9c993905199d4e6a2",
                "sha256:7a1e2e52a3b6e1c8e1762fc7e270d8d9a08b15201661fde94ba7ad66ca5d6c98",
                "sha256:7ae7be0f0b5d698859a606118dcd3b74ced56a45f906c99549b31882ecfd2bcd",
                "sha256:8d4a1f889b36148295bb1a86e5423ad69d942230561752fc3ecfcc5c1ad29f86",
                "sha256:92b85f78efb90d2f78e6e0aa1a380c159eac9b0b88c425b436d7ac744cf6a30d",
                "sha256:9bc75135df871347899cf9f03d6a2dd8bcd69350fd75f02911c88a070ccd8465",
                "sha256:9cb182b23a2e0a20d3f23cc6f84a692b773e4e24976c78a7d53b537d5f43f34a",
                "sha256:a9a7afbdedee4735dfc1848f24a8c8c421d70f8f84529bbf30f2ffabf4ecf212",
                "sha256:adaa7dcdcfa168a24237c55444979e8bc2cab5aa20c8c64495ac0d029879feab",
                "sha256:adb0d92ba1031e23feade7189d741d824cbc64dea256ae2d3498e88d4c64b632",
                "sha256:b4fb8779fca9b80f91ca2cb6060837992edf87d7dd459d570adf8ddc0ca56352",
                "sha256:b76e8ec283b1ca162f23a9c8cf4a4797bd9904c79523bb28e336b4b112855386",
                "sha256:b9e4df167e4e9ede2b14c4e9aa0c7f540b96ad80e875cdffa322938515baaf40",
                "sha256:ba11763a9436093f6855b39cfc2a6b2bc33e4176fe32015bcb3855bb48f2524a",
                "sha256:ba596f23d4659d984be3a8c8b739a49bf79a7d3007b62f724b36272a6d60d292",
                "sha256:c0dbfa1a9b09743255298c4aaf8872076aafc3c8accc6f1d61a2eb126970cbc7",
                "sha256:c1d04e2900a5c14051e29479ff161b0b7decaea7e6f4a3e217cbf41edf698856",
                "sha256:c609678cf6faf4b467259757f848de4fbc7baca3c1e3f7b0e55c701c50fd94ae",
                "sha256:c7941214cdb6b2863d4fab467aa48fdffc7d2d0ae2bd9036cdd134572cf1abfa",
                "sha256:cabf621285501d64b5b8e202f290a6bd260081bbcce0457ddd60351ad11c3408",
                "sha256:cacdd2b7f41026c89321373a4b235243d1613b92a750fdc1ba7f48edfe809b76",
                "sha256:cf35e7d64a2e2faba0c041f2b4f715c138952b9f2fb5bb1a60a46d558f4113d4",
                "sha256:d6146277dbd6b8da6ce8518496d064f1de5d92210fbb0efae0bcf32fa193d987",
                "sha256:d8b25bfcde255bb391488cf463bb2dd64fa5d01f4650463640f780817a5e43b5",
                "sha256:dd0dafe045cdbff9bc32ae833853aa480ee0458c79bb7f10d2d6302b33914cd8",
                "sha256:ddcc0371875cb6c2728b4faff1a0b32b2294c004828d813a9cc69cb2b69c517e",
                "sha256:e27b5b69b5756c6966606b30f6f5380a91050fe43048ceb3934c136ffe622e5e",
                "sha256:e375a117fb5272e09faf138f08540d6d51e8d90e6983008dadd70affd195b30c",
                "sha256:e59cd98e3d33a3a9561a032d885ba7871bf7403afdd05dede360f74c58db19ca",
                "sha256:ec7917310360b8ddecb737d62af4810c44d9b674c3e38ef507670ef933ebd4b4",
                "sha256:fa1098f49ccab3f06ee9533a9caa82ba02fe90d8461b6c35b983173ad3dcd6fa"
            ],
            "index": "pypi",
            "version": "==1.38.0"
        },
        "gunicorn": {
            "hashes": [
                "sha256:9dcc4547dbb1cb284accfb15ab5667a0e5d1881cc443e0677b4882a4067a807e",
                "sha256:e0a968b5ba15f8a328fdfd7ab1fcb5af4470c28aaf7e55df02a99bc13138e6e8"
            ],
            "index": "pypi",
            "version": "==20.1.0"
        },
        "idna": {
            "hashes": [
                "sha256:b307872f855b18632ce0c21c5e45be78c0ea7ae4c15c828c20788b26921eb3f6",
                "sha256:b97d804b1e9b523befed77c48dacec60e6dcb0b5391d57af6a65a312a90648c0"
            ],
            "markers": "python_version >= '2.7' and python_version not in '3.0, 3.1, 3.2, 3.3'",
            "version": "==2.10"
        },
        "importlib-metadata": {
            "hashes": [
                "sha256:8c501196e49fb9df5df43833bdb1e4328f64847763ec8a50703148b73784d581",
                "sha256:d7eb1dea6d6a6086f8be21784cc9e3bcfa55872b52309bc5fad53a8ea444465d"
            ],
            "markers": "python_version >= '3.6'",
            "version": "==4.0.1"
        },
        "isort": {
            "hashes": [
                "sha256:0a943902919f65c5684ac4e0154b1ad4fac6dcaa5d9f3426b732f1c8b5419be6",
                "sha256:2bb1680aad211e3c9944dbce1d4ba09a989f04e238296c87fe2139faa26d655d"
            ],
            "markers": "python_version >= '3.6' and python_version < '4'",
            "version": "==5.8.0"
        },
        "jeepney": {
            "hashes": [
                "sha256:7d59b6622675ca9e993a6bd38de845051d315f8b0c72cca3aef733a20b648657",
                "sha256:aec56c0eb1691a841795111e184e13cad504f7703b9a64f63020816afa79a8ae"
            ],
            "markers": "sys_platform == 'linux'",
            "version": "==0.6.0"
        },
        "keyring": {
            "hashes": [
                "sha256:045703609dd3fccfcdb27da201684278823b72af515aedec1a8515719a038cb8",
                "sha256:8f607d7d1cc502c43a932a275a56fe47db50271904513a379d39df1af277ac48"
            ],
            "markers": "python_version >= '3.6'",
            "version": "==23.0.1"
        },
        "lazy-object-proxy": {
            "hashes": [
                "sha256:17e0967ba374fc24141738c69736da90e94419338fd4c7c7bef01ee26b339653",
                "sha256:1fee665d2638491f4d6e55bd483e15ef21f6c8c2095f235fef72601021e64f61",
                "sha256:22ddd618cefe54305df49e4c069fa65715be4ad0e78e8d252a33debf00f6ede2",
                "sha256:24a5045889cc2729033b3e604d496c2b6f588c754f7a62027ad4437a7ecc4837",
                "sha256:410283732af311b51b837894fa2f24f2c0039aa7f220135192b38fcc42bd43d3",
                "sha256:4732c765372bd78a2d6b2150a6e99d00a78ec963375f236979c0626b97ed8e43",
                "sha256:489000d368377571c6f982fba6497f2aa13c6d1facc40660963da62f5c379726",
                "sha256:4f60460e9f1eb632584c9685bccea152f4ac2130e299784dbaf9fae9f49891b3",
                "sha256:5743a5ab42ae40caa8421b320ebf3a998f89c85cdc8376d6b2e00bd12bd1b587",
                "sha256:85fb7608121fd5621cc4377a8961d0b32ccf84a7285b4f1d21988b2eae2868e8",
                "sha256:9698110e36e2df951c7c36b6729e96429c9c32b3331989ef19976592c5f3c77a",
                "sha256:9d397bf41caad3f489e10774667310d73cb9c4258e9aed94b9ec734b34b495fd",
                "sha256:b579f8acbf2bdd9ea200b1d5dea36abd93cabf56cf626ab9c744a432e15c815f",
                "sha256:b865b01a2e7f96db0c5d12cfea590f98d8c5ba64ad222300d93ce6ff9138bcad",
                "sha256:bf34e368e8dd976423396555078def5cfc3039ebc6fc06d1ae2c5a65eebbcde4",
                "sha256:c6938967f8528b3668622a9ed3b31d145fab161a32f5891ea7b84f6b790be05b",
                "sha256:d1c2676e3d840852a2de7c7d5d76407c772927addff8d742b9808fe0afccebdf",
                "sha256:d7124f52f3bd259f510651450e18e0fd081ed82f3c08541dffc7b94b883aa981",
                "sha256:d900d949b707778696fdf01036f58c9876a0d8bfe116e8d220cfd4b15f14e741",
                "sha256:ebfd274dcd5133e0afae738e6d9da4323c3eb021b3e13052d8cbd0e457b1256e",
                "sha256:ed361bb83436f117f9917d282a456f9e5009ea12fd6de8742d1a4752c3017e93",
                "sha256:f5144c75445ae3ca2057faac03fda5a902eff196702b0a24daf1d6ce0650514b"
            ],
            "markers": "python_version >= '2.7' and python_version not in '3.0, 3.1, 3.2, 3.3, 3.4, 3.5'",
            "version": "==1.6.0"
        },
        "mccabe": {
            "hashes": [
                "sha256:ab8a6258860da4b6677da4bd2fe5dc2c659cff31b3ee4f7f5d64e79735b80d42",
                "sha256:dd8d182285a0fe56bace7f45b5e7d1a6ebcbf524e8f3bd87eb0f125271b8831f"
            ],
            "version": "==0.6.1"
        },
        "mock": {
            "hashes": [
                "sha256:5ce3c71c5545b472da17b72268978914d0252980348636840bd34a00b5cc96c1",
                "sha256:b158b6df76edd239b8208d481dc46b6afd45a846b7812ff0ce58971cf5bc8bba"
            ],
            "index": "pypi",
            "version": "==2.0.0"
        },
        "nodeenv": {
            "hashes": [
                "sha256:def2a6d927bef8d17c1776edbd5bbc8b7a5f0eee159af53b9924d559fc8d3202"
            ],
            "index": "pypi",
            "version": "==1.0.0"
        },
        "packaging": {
            "hashes": [
                "sha256:5b327ac1320dc863dca72f4514ecc086f31186744b84a230374cc1fd776feae5",
                "sha256:67714da7f7bc052e064859c05c595155bd1ee9f69f76557e21f051443c20947a"
            ],
            "markers": "python_version >= '2.7' and python_version not in '3.0, 3.1, 3.2, 3.3'",
            "version": "==20.9"
        },
        "parameterized": {
            "hashes": [
                "sha256:caf58e717097735de0d7e15386a46ffa5ce25bb6a13a43716a8854a8d34841e2",
                "sha256:cf5fa4f295dfb823cebdb27a00566113f2fbb71c7d5ca7b7a1019fd20c8a0811"
            ],
            "index": "pypi",
            "version": "==0.6.1"
        },
        "paramiko": {
            "hashes": [
                "sha256:99f0179bdc176281d21961a003ffdb2ec369daac1a1007241f53374e376576cf",
                "sha256:f4b2edfa0d226b70bd4ca31ea7e389325990283da23465d572ed1f70a7583041"
            ],
            "index": "pypi",
            "version": "==2.6.0"
        },
        "pbr": {
            "hashes": [
                "sha256:42df03e7797b796625b1029c0400279c7c34fd7df24a7d7818a1abb5b38710dd",
                "sha256:c68c661ac5cc81058ac94247278eeda6d2e6aecb3e227b0387c30d277e7ef8d4"
            ],
            "markers": "python_version >= '2.6'",
            "version": "==5.6.0"
        },
        "pkginfo": {
            "hashes": [
                "sha256:029a70cb45c6171c329dfc890cde0879f8c52d6f3922794796e06f577bb03db4",
                "sha256:9fdbea6495622e022cc72c2e5e1b735218e4ffb2a2a69cde2694a6c1f16afb75"
            ],
            "version": "==1.7.0"
        },
        "protobuf": {
            "hashes": [
                "sha256:0c678e11b7b6d6e5baa9710f44de01d48bc81b7db617ad5283a76f1f4c73df99",
                "sha256:1fe832e1a5c51c71c2d6e949e597f3c47ef39c817264086293e4037941ab9bd7",
                "sha256:21911af1fc692e7ca6a73c0fab3912a5d792ed7603350dbabd34a9722cbfe4d5",
                "sha256:31460706eb7c3bcc3c153877e580b78efa624b9626bd084fb882f20681ffa81a",
                "sha256:3bbaed8e63cd62533a80adfa51f91b34bf7da29ac0335412dbebd21dac2d68b9",
                "sha256:405fbe27eeccd90b07e7cc20f2bcce477a86027435016aef71f15473dede92b5",
                "sha256:492beef9386706f84f683489fe18d1a7d8be5f4ab050782b3a484de1d1b01a69",
                "sha256:6f52c66f361de32096ba88c73ad0ff53585dafc569d8bf11968412175ddf297c",
                "sha256:7141c37a5af565908c3da10575c517c59a8e67591c507cf36f2655590200ddfc",
                "sha256:822341974a28d895f0b39df13b3e2f27577498c1d85b5e876ff1d53fbdf2ef97",
                "sha256:8a8157ff82760105cf435dbb8f4e7042a39c6d92f673fba8c2c815432b3f1063",
                "sha256:970b9f648fc12d28ce6f1f10575bbf063e828e1fd8d95339602cad2312a4fefa",
                "sha256:a3e18453d91040dad1985d1ea8a237fb7522a84fcefc17b452f756833b066d71",
                "sha256:a98195be29b2622961896893a6e92a4e0812e4e367078ac20f0c7982e51ff7ea",
                "sha256:ad8e808b572e6ee38131e7b58d94aa5c438e3a3469d055e8989ea73a8e2308c0",
                "sha256:af760e4fe6f30e1af3d5dac6767444ff61ef621ac857b3405b8f3cd29f16ac55",
                "sha256:d7761bd18fc3d197e50459c37abb95b64cd614e7b9014239a1e7c952433e380b",
                "sha256:f3348af83391cdb842030e774d9bb01565ed4c62c93554cd1c69723411ec5e9d",
                "sha256:f9aa4c216e48236c6af4e71f64afc0c13c12401d3067a323b9fe543bb676bac3",
                "sha256:ffc556af23c7e1278b43719999dd215619f73f8d42f40275c55a1de09938214f"
            ],
            "index": "pypi",
            "version": "==3.15.3"
        },
        "pycparser": {
            "hashes": [
                "sha256:2d475327684562c3a96cc71adf7dc8c4f0565175cf86b6d7a404ff4c771f15f0",
                "sha256:7582ad22678f0fcd81102833f60ef8d0e57288b6b5fb00323d101be910e35705"
            ],
            "markers": "python_version >= '2.7' and python_version not in '3.0, 3.1, 3.2, 3.3'",
            "version": "==2.20"
        },
        "pyfakefs": {
            "hashes": [
                "sha256:082d863e0e2a74351f697da404e329a91e18e5055942e59d1b836e8459b2c94c",
                "sha256:1ac3b2845dabe69af56c20691b9347914581195ccdde352535fb7d4ff0055c19"
            ],
            "index": "pypi",
            "version": "==4.4.0"
        },
        "pygments": {
            "hashes": [
                "sha256:a18f47b506a429f6f4b9df81bb02beab9ca21d0a5fee38ed15aef65f0545519f",
                "sha256:d66e804411278594d764fc69ec36ec13d9ae9147193a1740cd34d272ca383b8e"
            ],
            "markers": "python_version >= '3.5'",
            "version": "==2.9.0"
        },
        "pylint": {
            "hashes": [
                "sha256:586d8fa9b1891f4b725f587ef267abe2a1bad89d6b184520c7f07a253dd6e217",
                "sha256:f7e2072654a6b6afdf5e2fb38147d3e2d2d43c89f648637baab63e026481279b"
            ],
            "index": "pypi",
            "version": "==2.8.2"
        },
        "pynacl": {
            "hashes": [
                "sha256:06cbb4d9b2c4bd3c8dc0d267416aaed79906e7b33f114ddbf0911969794b1cc4",
                "sha256:11335f09060af52c97137d4ac54285bcb7df0cef29014a1a4efe64ac065434c4",
                "sha256:2fe0fc5a2480361dcaf4e6e7cea00e078fcda07ba45f811b167e3f99e8cff574",
                "sha256:30f9b96db44e09b3304f9ea95079b1b7316b2b4f3744fe3aaecccd95d547063d",
                "sha256:4e10569f8cbed81cb7526ae137049759d2a8d57726d52c1a000a3ce366779634",
                "sha256:511d269ee845037b95c9781aa702f90ccc36036f95d0f31373a6a79bd8242e25",
                "sha256:537a7ccbea22905a0ab36ea58577b39d1fa9b1884869d173b5cf111f006f689f",
                "sha256:54e9a2c849c742006516ad56a88f5c74bf2ce92c9f67435187c3c5953b346505",
                "sha256:757250ddb3bff1eecd7e41e65f7f833a8405fede0194319f87899690624f2122",
                "sha256:7757ae33dae81c300487591c68790dfb5145c7d03324000433d9a2c141f82af7",
                "sha256:7c6092102219f59ff29788860ccb021e80fffd953920c4a8653889c029b2d420",
                "sha256:8122ba5f2a2169ca5da936b2e5a511740ffb73979381b4229d9188f6dcb22f1f",
                "sha256:9c4a7ea4fb81536c1b1f5cc44d54a296f96ae78c1ebd2311bd0b60be45a48d96",
                "sha256:c914f78da4953b33d4685e3cdc7ce63401247a21425c16a39760e282075ac4a6",
                "sha256:cd401ccbc2a249a47a3a1724c2918fcd04be1f7b54eb2a5a71ff915db0ac51c6",
                "sha256:d452a6746f0a7e11121e64625109bc4468fc3100452817001dbe018bb8b08514",
                "sha256:ea6841bc3a76fa4942ce00f3bda7d436fda21e2d91602b9e21b7ca9ecab8f3ff",
                "sha256:f8851ab9041756003119368c1e6cd0b9c631f46d686b3904b18c0139f4419f80"
            ],
            "markers": "python_version >= '2.7' and python_version not in '3.0, 3.1, 3.2, 3.3'",
            "version": "==1.4.0"
        },
        "pyparsing": {
            "hashes": [
                "sha256:c203ec8783bf771a155b207279b9bccb8dea02d8f0c9e5f8ead507bc3246ecc1",
                "sha256:ef9d7589ef3c200abe66653d3f1ab1033c3c419ae9b9bdb1240a85b024efc88b"
            ],
            "markers": "python_version >= '2.6' and python_version not in '3.0, 3.1, 3.2, 3.3'",
            "version": "==2.4.7"
        },
        "readme-renderer": {
            "hashes": [
                "sha256:63b4075c6698fcfa78e584930f07f39e05d46f3ec97f65006e430b595ca6348c",
                "sha256:92fd5ac2bf8677f310f3303aa4bce5b9d5f9f2094ab98c29f13791d7b805a3db"
            ],
            "version": "==29.0"
        },
        "requests": {
            "hashes": [
                "sha256:27973dd4a904a4f13b263a19c866c13b92a39ed1c964655f025f3f8d3d75b804",
                "sha256:c210084e36a42ae6b9219e00e48287def368a26d03a048ddad7bfee44f75871e"
            ],
            "markers": "python_version >= '2.7' and python_version not in '3.0, 3.1, 3.2, 3.3, 3.4'",
            "version": "==2.25.1"
        },
        "requests-toolbelt": {
            "hashes": [
                "sha256:380606e1d10dc85c3bd47bf5a6095f815ec007be7a8b69c878507068df059e6f",
                "sha256:968089d4584ad4ad7c171454f0a5c6dac23971e9472521ea3b6d49d610aa6fc0"
            ],
            "version": "==0.9.1"
        },
        "rfc3986": {
            "hashes": [
                "sha256:270aaf10d87d0d4e095063c65bf3ddbc6ee3d0b226328ce21e036f946e421835",
                "sha256:a86d6e1f5b1dc238b218b012df0aa79409667bb209e58da56d0b94704e712a97"
            ],
            "version": "==1.5.0"
        },
        "secretstorage": {
            "hashes": [
                "sha256:422d82c36172d88d6a0ed5afdec956514b189ddbfb72fefab0c8a1cee4eaf71f",
                "sha256:fd666c51a6bf200643495a04abb261f83229dcb6fd8472ec393df7ffc8b6f195"
            ],
            "markers": "sys_platform == 'linux'",
            "version": "==3.3.1"
        },
        "selenium": {
            "hashes": [
                "sha256:2d7131d7bc5a5b99a2d9b04aaf2612c411b03b8ca1b1ee8d3de5845a9be2cb3c",
                "sha256:deaf32b60ad91a4611b98d8002757f29e6f2c2d5fcaf202e1c9ad06d6772300d"
            ],
            "index": "pypi",
            "version": "==3.141.0"
        },
        "six": {
            "hashes": [
                "sha256:3350809f0555b11f552448330d0b52d5f24c91a322ea4a15ef22629740f3761c",
                "sha256:d16a0141ec1a18405cd4ce8b4613101da75da0e9a7aec5bdd4fa804d0e0eba73"
            ],
            "index": "pypi",
            "version": "==1.12.0"
        },
        "soupsieve": {
            "hashes": [
                "sha256:052774848f448cf19c7e959adf5566904d525f33a3f8b6ba6f6f8f26ec7de0cc",
                "sha256:c2c1c2d44f158cdbddab7824a9af8c4f83c76b1e23e049479aa432feb6c4c23b"
            ],
            "markers": "python_version >= '3.0'",
            "version": "==2.2.1"
        },
        "toml": {
            "hashes": [
                "sha256:806143ae5bfb6a3c6e736a764057db0e6a0e05e338b5630894a5f779cabb4f9b",
                "sha256:b3bda1d108d5dd99f4a20d24d9c348e91c4db7ab1b749200bded2f839ccbe68f"
            ],
            "markers": "python_version >= '2.6' and python_version not in '3.0, 3.1, 3.2, 3.3'",
            "version": "==0.10.2"
        },
        "tqdm": {
            "hashes": [
                "sha256:daec693491c52e9498632dfbe9ccfc4882a557f5fa08982db1b4d3adbe0887c3",
                "sha256:ebdebdb95e3477ceea267decfc0784859aa3df3e27e22d23b83e9b272bf157ae"
            ],
            "markers": "python_version >= '2.7' and python_version not in '3.0, 3.1, 3.2, 3.3'",
            "version": "==4.60.0"
        },
        "twine": {
            "hashes": [
                "sha256:16f706f2f1687d7ce30e7effceee40ed0a09b7c33b9abb5ef6434e5551565d83",
                "sha256:a56c985264b991dc8a8f4234eb80c5af87fa8080d0c224ad8f2cd05a2c22e83b"
            ],
            "index": "pypi",
            "version": "==3.4.1"
        },
        "typed-ast": {
            "hashes": [
                "sha256:01ae5f73431d21eead5015997ab41afa53aa1fbe252f9da060be5dad2c730ace",
                "sha256:067a74454df670dcaa4e59349a2e5c81e567d8d65458d480a5b3dfecec08c5ff",
                "sha256:0fb71b8c643187d7492c1f8352f2c15b4c4af3f6338f21681d3681b3dc31a266",
                "sha256:1b3ead4a96c9101bef08f9f7d1217c096f31667617b58de957f690c92378b528",
                "sha256:2068531575a125b87a41802130fa7e29f26c09a2833fea68d9a40cf33902eba6",
                "sha256:209596a4ec71d990d71d5e0d312ac935d86930e6eecff6ccc7007fe54d703808",
                "sha256:2c726c276d09fc5c414693a2de063f521052d9ea7c240ce553316f70656c84d4",
                "sha256:398e44cd480f4d2b7ee8d98385ca104e35c81525dd98c519acff1b79bdaac363",
                "sha256:52b1eb8c83f178ab787f3a4283f68258525f8d70f778a2f6dd54d3b5e5fb4341",
                "sha256:5feca99c17af94057417d744607b82dd0a664fd5e4ca98061480fd8b14b18d04",
                "sha256:7538e495704e2ccda9b234b82423a4038f324f3a10c43bc088a1636180f11a41",
                "sha256:760ad187b1041a154f0e4d0f6aae3e40fdb51d6de16e5c99aedadd9246450e9e",
                "sha256:777a26c84bea6cd934422ac2e3b78863a37017618b6e5c08f92ef69853e765d3",
                "sha256:95431a26309a21874005845c21118c83991c63ea800dd44843e42a916aec5899",
                "sha256:9ad2c92ec681e02baf81fdfa056fe0d818645efa9af1f1cd5fd6f1bd2bdfd805",
                "sha256:9c6d1a54552b5330bc657b7ef0eae25d00ba7ffe85d9ea8ae6540d2197a3788c",
                "sha256:aee0c1256be6c07bd3e1263ff920c325b59849dc95392a05f258bb9b259cf39c",
                "sha256:af3d4a73793725138d6b334d9d247ce7e5f084d96284ed23f22ee626a7b88e39",
                "sha256:b36b4f3920103a25e1d5d024d155c504080959582b928e91cb608a65c3a49e1a",
                "sha256:b9574c6f03f685070d859e75c7f9eeca02d6933273b5e69572e5ff9d5e3931c3",
                "sha256:bff6ad71c81b3bba8fa35f0f1921fb24ff4476235a6e94a26ada2e54370e6da7",
                "sha256:c190f0899e9f9f8b6b7863debfb739abcb21a5c054f911ca3596d12b8a4c4c7f",
                "sha256:c907f561b1e83e93fad565bac5ba9c22d96a54e7ea0267c708bffe863cbe4075",
                "sha256:cae53c389825d3b46fb37538441f75d6aecc4174f615d048321b716df2757fb0",
                "sha256:dd4a21253f42b8d2b48410cb31fe501d32f8b9fbeb1f55063ad102fe9c425e40",
                "sha256:dde816ca9dac1d9c01dd504ea5967821606f02e510438120091b84e852367428",
                "sha256:f2362f3cb0f3172c42938946dbc5b7843c2a28aec307c49100c8b38764eb6927",
                "sha256:f328adcfebed9f11301eaedfa48e15bdece9b519fb27e6a8c01aa52a17ec31b3",
                "sha256:f8afcf15cc511ada719a88e013cec87c11aff7b91f019295eb4530f96fe5ef2f",
                "sha256:fb1bbeac803adea29cedd70781399c99138358c26d05fcbd23c13016b7f5ec65"
            ],
            "markers": "python_version < '3.8' and implementation_name == 'cpython'",
            "version": "==1.4.3"
        },
        "typing-extensions": {
            "hashes": [
                "sha256:0ac0f89795dd19de6b97debb0c6af1c70987fd80a2d62d1958f7e56fcc31b497",
                "sha256:50b6f157849174217d0656f99dc82fe932884fb250826c18350e159ec6cdf342",
                "sha256:779383f6086d90c99ae41cf0ff39aac8a7937a9283ce0a414e5dd782f4c94a84"
            ],
            "markers": "python_version < '3.8'",
            "version": "==3.10.0.0"
        },
        "urllib3": {
            "hashes": [
                "sha256:2f4da4594db7e1e110a944bb1b551fdf4e6c136ad42e4234131391e21eb5b0df",
                "sha256:e7b021f7241115872f92f43c6508082facffbd1c048e3c6e2bb9c2a157e28937"
            ],
            "markers": "python_version >= '2.7' and python_version not in '3.0, 3.1, 3.2, 3.3, 3.4' and python_version < '4'",
            "version": "==1.26.4"
        },
        "waitress": {
            "hashes": [
                "sha256:29af5a53e9fb4e158f525367678b50053808ca6c21ba585754c77d790008c746",
                "sha256:69e1f242c7f80273490d3403c3976f3ac3b26e289856936d1f620ed48f321897"
            ],
            "markers": "python_version >= '3.6'",
            "version": "==2.0.0"
        },
        "webencodings": {
            "hashes": [
                "sha256:a0af1213f3c2226497a97e2b3aa01a7e4bee4f403f95be16fc9acd2947514a78",
                "sha256:b36a1c245f2d304965eb4e0a82848379241dc04b865afcc4aab16748587e1923"
            ],
            "version": "==0.5.1"
        },
        "webob": {
            "hashes": [
                "sha256:73aae30359291c14fa3b956f8b5ca31960e420c28c1bec002547fb04928cf89b",
                "sha256:b64ef5141be559cfade448f044fa45c2260351edcb6a8ef6b7e00c7dcef0c323"
            ],
            "markers": "python_version >= '2.7' and python_version not in '3.0, 3.1, 3.2, 3.3'",
            "version": "==1.8.7"
        },
        "webtest": {
            "hashes": [
                "sha256:0831371d415fac39177d1fab4e180510713401a71edd9181373efe123e85cb3e",
                "sha256:879da5c2310b75c74dffa23a45a7a74d09c2a0fcc7e7a128b4f92a4f64722e97"
            ],
            "index": "pypi",
            "version": "==2.0.23"
        },
        "wrapt": {
            "hashes": [
                "sha256:b62ffa81fb85f4332a4f609cab4ac40709470da05643a082ec1eb88e6d9b97d7"
            ],
            "version": "==1.12.1"
        },
        "yapf": {
            "hashes": [
                "sha256:6567745f0b6656f9c33a73c56a393071c699e6284a70d793798ab6e3769d25ec",
                "sha256:a98a6eacca64d2b920558f4a2f78150db9474de821227e60deaa29f186121c63"
            ],
            "index": "pypi",
            "version": "==0.22.0"
        },
        "zipp": {
            "hashes": [
                "sha256:3607921face881ba3e026887d8150cca609d517579abe052ac81fc5aeffdbd76",
                "sha256:51cb66cc54621609dd593d1787f286ee42a5c0adbb4b29abea5a63edc3e03098"
            ],
            "markers": "python_version >= '3.6'",
            "version": "==3.4.1"
        }
    }
}
